
Microsoft Visual Studio Solution File, Format Version 12.00
# Visual Studio 2013
VisualStudioVersion = 12.0.31101.0
MinimumVisualStudioVersion = 10.0.40219.1
Project("{FAE04EC0-301F-11D3-BF4B-00C04F79EFBC}") = "iRTweeter.App", "iRTweeter.App\iRTweeter.App.csproj", "{672A0D82-8E2B-44FE-B653-506199C9FF5C}"
EndProject
Project("{2150E333-8FDC-42A3-9474-1A3956D46DE8}") = ".git", ".git", "{760E1519-B64B-4DE5-B4A4-42C5B8B368E3}"
	ProjectSection(SolutionItems) = preProject
		..\.gitattributes = ..\.gitattributes
		..\.gitignore = ..\.gitignore
		..\LICENSE = ..\LICENSE
		..\README.md = ..\README.md
	EndProjectSection
EndProject
Project("{FAE04EC0-301F-11D3-BF4B-00C04F79EFBC}") = "iRTweeter.Sim", "iRTweeter.Sim\iRTweeter.Sim.csproj", "{32920DCA-B112-45B8-A38B-DB39ED91E7C5}"
EndProject
Project("{FAE04EC0-301F-11D3-BF4B-00C04F79EFBC}") = "iRTweeter", "iRTweeter\iRTweeter.csproj", "{5D901752-EE31-4B65-92B8-121A8CAFD397}"
EndProject
Global
	GlobalSection(SolutionConfigurationPlatforms) = preSolution
		Debug|Any CPU = Debug|Any CPU
		Release|Any CPU = Release|Any CPU
	EndGlobalSection
	GlobalSection(ProjectConfigurationPlatforms) = postSolution
		{672A0D82-8E2B-44FE-B653-506199C9FF5C}.Debug|Any CPU.ActiveCfg = Debug|Any CPU
		{672A0D82-8E2B-44FE-B653-506199C9FF5C}.Debug|Any CPU.Build.0 = Debug|Any CPU
		{672A0D82-8E2B-44FE-B653-506199C9FF5C}.Release|Any CPU.ActiveCfg = Release|Any CPU
		{672A0D82-8E2B-44FE-B653-506199C9FF5C}.Release|Any CPU.Build.0 = Release|Any CPU
		{32920DCA-B112-45B8-A38B-DB39ED91E7C5}.Debug|Any CPU.ActiveCfg = Debug|Any CPU
		{32920DCA-B112-45B8-A38B-DB39ED91E7C5}.Debug|Any CPU.Build.0 = Debug|Any CPU
		{32920DCA-B112-45B8-A38B-DB39ED91E7C5}.Release|Any CPU.ActiveCfg = Release|Any CPU
		{32920DCA-B112-45B8-A38B-DB39ED91E7C5}.Release|Any CPU.Build.0 = Release|Any CPU
		{5D901752-EE31-4B65-92B8-121A8CAFD397}.Debug|Any CPU.ActiveCfg = Debug|Any CPU
		{5D901752-EE31-4B65-92B8-121A8CAFD397}.Debug|Any CPU.Build.0 = Debug|Any CPU
		{5D901752-EE31-4B65-92B8-121A8CAFD397}.Release|Any CPU.ActiveCfg = Release|Any CPU
		{5D901752-EE31-4B65-92B8-121A8CAFD397}.Release|Any CPU.Build.0 = Release|Any CPU
	EndGlobalSection
	GlobalSection(SolutionProperties) = preSolution
		HideSolutionNode = FALSE
	EndGlobalSection
EndGlobal
